
Microsoft Visual Studio Solution File, Format Version 12.00
# Visual Studio 15
VisualStudioVersion = 15.0.27428.2015
MinimumVisualStudioVersion = 10.0.40219.1
Project("{FAE04EC0-301F-11D3-BF4B-00C04F79EFBC}") = "Dentistry_CRM", "Dentistry_CRM\Dentistry_CRM.csproj", "{1718C8DD-E3E5-4DE6-BD31-46FA36201A19}"
EndProject
Global
	GlobalSection(SolutionConfigurationPlatforms) = preSolution
		Debug|Any CPU = Debug|Any CPU
		Release|Any CPU = Release|Any CPU
	EndGlobalSection
	GlobalSection(ProjectConfigurationPlatforms) = postSolution
		{1718C8DD-E3E5-4DE6-BD31-46FA36201A19}.Debug|Any CPU.ActiveCfg = Debug|Any CPU
		{1718C8DD-E3E5-4DE6-BD31-46FA36201A19}.Debug|Any CPU.Build.0 = Debug|Any CPU
		{1718C8DD-E3E5-4DE6-BD31-46FA36201A19}.Release|Any CPU.ActiveCfg = Release|Any CPU
		{1718C8DD-E3E5-4DE6-BD31-46FA36201A19}.Release|Any CPU.Build.0 = Release|Any CPU
	EndGlobalSection
	GlobalSection(SolutionProperties) = preSolution
		HideSolutionNode = FALSE
	EndGlobalSection
	GlobalSection(ExtensibilityGlobals) = postSolution
		SolutionGuid = {C1739253-EEE9-438F-AAD7-1972735BE30F}
	EndGlobalSection
EndGlobal
